// !$*UTF8*$!
{
	archiveVersion = 1;
	classes = {
	};
	objectVersion = 46;
	objects = {

/* Begin PBXBuildFile section */
		160F00061E0B8B2500A94AA8 /* MainViewController.swift in Sources */ = {isa = PBXBuildFile; fileRef = 160F00051E0B8B2500A94AA8 /* MainViewController.swift */; };
		160F00081E0B8B9800A94AA8 /* MyCityViewController.swift in Sources */ = {isa = PBXBuildFile; fileRef = 160F00071E0B8B9800A94AA8 /* MyCityViewController.swift */; };
		160F000A1E0B8BA600A94AA8 /* ShopViewController.swift in Sources */ = {isa = PBXBuildFile; fileRef = 160F00091E0B8BA600A94AA8 /* ShopViewController.swift */; };
		160F000C1E0B8BCA00A94AA8 /* SettingTableViewController.swift in Sources */ = {isa = PBXBuildFile; fileRef = 160F000B1E0B8BCA00A94AA8 /* SettingTableViewController.swift */; };
		160F000E1E0B928D00A94AA8 /* StartViewController.swift in Sources */ = {isa = PBXBuildFile; fileRef = 160F000D1E0B928D00A94AA8 /* StartViewController.swift */; };
		164DF8F61DF503D700D99880 /* AppDelegate.swift in Sources */ = {isa = PBXBuildFile; fileRef = 164DF8F51DF503D700D99880 /* AppDelegate.swift */; };
		164DF8FB1DF503D700D99880 /* Main.storyboard in Resources */ = {isa = PBXBuildFile; fileRef = 164DF8F91DF503D700D99880 /* Main.storyboard */; };
		164DF8FD1DF503D700D99880 /* Assets.xcassets in Resources */ = {isa = PBXBuildFile; fileRef = 164DF8FC1DF503D700D99880 /* Assets.xcassets */; };
		164DF9001DF503D700D99880 /* LaunchScreen.storyboard in Resources */ = {isa = PBXBuildFile; fileRef = 164DF8FE1DF503D700D99880 /* LaunchScreen.storyboard */; };
		F99480F31E1CD3D200401EEB /* data in Resources */ = {isa = PBXBuildFile; fileRef = F99480F21E1CD3D200401EEB /* data */; };
/* End PBXBuildFile section */

/* Begin PBXFileReference section */
		160F00051E0B8B2500A94AA8 /* MainViewController.swift */ = {isa = PBXFileReference; fileEncoding = 4; lastKnownFileType = sourcecode.swift; path = MainViewController.swift; sourceTree = "<group>"; };
		160F00071E0B8B9800A94AA8 /* MyCityViewController.swift */ = {isa = PBXFileReference; fileEncoding = 4; lastKnownFileType = sourcecode.swift; path = MyCityViewController.swift; sourceTree = "<group>"; };
		160F00091E0B8BA600A94AA8 /* ShopViewController.swift */ = {isa = PBXFileReference; fileEncoding = 4; lastKnownFileType = sourcecode.swift; path = ShopViewController.swift; sourceTree = "<group>"; };
		160F000B1E0B8BCA00A94AA8 /* SettingTableViewController.swift */ = {isa = PBXFileReference; fileEncoding = 4; lastKnownFileType = sourcecode.swift; path = SettingTableViewController.swift; sourceTree = "<group>"; };
		160F000D1E0B928D00A94AA8 /* StartViewController.swift */ = {isa = PBXFileReference; fileEncoding = 4; lastKnownFileType = sourcecode.swift; name = StartViewController.swift; path = ../StartViewController.swift; sourceTree = "<group>"; };
		164DF8F21DF503D700D99880 /* FinalProject.app */ = {isa = PBXFileReference; explicitFileType = wrapper.application; includeInIndex = 0; path = FinalProject.app; sourceTree = BUILT_PRODUCTS_DIR; };
		164DF8F51DF503D700D99880 /* AppDelegate.swift */ = {isa = PBXFileReference; lastKnownFileType = sourcecode.swift; path = AppDelegate.swift; sourceTree = "<group>"; };
		164DF8FA1DF503D700D99880 /* Base */ = {isa = PBXFileReference; lastKnownFileType = file.storyboard; name = Base; path = Base.lproj/Main.storyboard; sourceTree = "<group>"; };
		164DF8FC1DF503D700D99880 /* Assets.xcassets */ = {isa = PBXFileReference; lastKnownFileType = folder.assetcatalog; path = Assets.xcassets; sourceTree = "<group>"; };
		164DF8FF1DF503D700D99880 /* Base */ = {isa = PBXFileReference; lastKnownFileType = file.storyboard; name = Base; path = Base.lproj/LaunchScreen.storyboard; sourceTree = "<group>"; };
		164DF9011DF503D700D99880 /* Info.plist */ = {isa = PBXFileReference; lastKnownFileType = text.plist.xml; path = Info.plist; sourceTree = "<group>"; };
		F99480F21E1CD3D200401EEB /* data */ = {isa = PBXFileReference; lastKnownFileType = folder; path = data; sourceTree = "<group>"; };
/* End PBXFileReference section */

/* Begin PBXFrameworksBuildPhase section */
		164DF8EF1DF503D600D99880 /* Frameworks */ = {
			isa = PBXFrameworksBuildPhase;
			buildActionMask = 2147483647;
			files = (
			);
			runOnlyForDeploymentPostprocessing = 0;
		};
/* End PBXFrameworksBuildPhase section */

/* Begin PBXGroup section */
		164DF8E91DF503D600D99880 = {
			isa = PBXGroup;
			children = (
				164DF8F41DF503D700D99880 /* FinalProject */,
				164DF8F31DF503D700D99880 /* Products */,
			);
			sourceTree = "<group>";
		};
		164DF8F31DF503D700D99880 /* Products */ = {
			isa = PBXGroup;
			children = (
				164DF8F21DF503D700D99880 /* FinalProject.app */,
			);
			name = Products;
			sourceTree = "<group>";
		};
		164DF8F41DF503D700D99880 /* FinalProject */ = {
			isa = PBXGroup;
			children = (
				F99480F21E1CD3D200401EEB /* data */,
				164DF8F51DF503D700D99880 /* AppDelegate.swift */,
				164DF8F91DF503D700D99880 /* Main.storyboard */,
				160F000D1E0B928D00A94AA8 /* StartViewController.swift */,
				160F00071E0B8B9800A94AA8 /* MyCityViewController.swift */,
				160F00091E0B8BA600A94AA8 /* ShopViewController.swift */,
				160F00051E0B8B2500A94AA8 /* MainViewController.swift */,
				160F000B1E0B8BCA00A94AA8 /* SettingTableViewController.swift */,
				164DF8FC1DF503D700D99880 /* Assets.xcassets */,
				164DF8FE1DF503D700D99880 /* LaunchScreen.storyboard */,
				164DF9011DF503D700D99880 /* Info.plist */,
			);
			path = FinalProject;
			sourceTree = "<group>";
		};
/* End PBXGroup section */

/* Begin PBXNativeTarget section */
		164DF8F11DF503D600D99880 /* FinalProject */ = {
			isa = PBXNativeTarget;
			buildConfigurationList = 164DF9041DF503D700D99880 /* Build configuration list for PBXNativeTarget "FinalProject" */;
			buildPhases = (
				164DF8EE1DF503D600D99880 /* Sources */,
				164DF8EF1DF503D600D99880 /* Frameworks */,
				164DF8F01DF503D600D99880 /* Resources */,
			);
			buildRules = (
			);
			dependencies = (
			);
			name = FinalProject;
			productName = FinalProject;
			productReference = 164DF8F21DF503D700D99880 /* FinalProject.app */;
			productType = "com.apple.product-type.application";
		};
/* End PBXNativeTarget section */

/* Begin PBXProject section */
		164DF8EA1DF503D600D99880 /* Project object */ = {
			isa = PBXProject;
			attributes = {
				LastSwiftUpdateCheck = 0810;
				LastUpgradeCheck = 0820;
				ORGANIZATIONNAME = "江鈺云";
				TargetAttributes = {
					164DF8F11DF503D600D99880 = {
						CreatedOnToolsVersion = 8.1;
						ProvisioningStyle = Automatic;
					};
				};
			};
			buildConfigurationList = 164DF8ED1DF503D600D99880 /* Build configuration list for PBXProject "FinalProject" */;
			compatibilityVersion = "Xcode 3.2";
			developmentRegion = English;
			hasScannedForEncodings = 0;
			knownRegions = (
				en,
				Base,
			);
			mainGroup = 164DF8E91DF503D600D99880;
			productRefGroup = 164DF8F31DF503D700D99880 /* Products */;
			projectDirPath = "";
			projectRoot = "";
			targets = (
				164DF8F11DF503D600D99880 /* FinalProject */,
			);
		};
/* End PBXProject section */

/* Begin PBXResourcesBuildPhase section */
		164DF8F01DF503D600D99880 /* Resources */ = {
			isa = PBXResourcesBuildPhase;
			buildActionMask = 2147483647;
			files = (
				164DF9001DF503D700D99880 /* LaunchScreen.storyboard in Resources */,
				164DF8FD1DF503D700D99880 /* Assets.xcassets in Resources */,
				F99480F31E1CD3D200401EEB /* data in Resources */,
				164DF8FB1DF503D700D99880 /* Main.storyboard in Resources */,
			);
			runOnlyForDeploymentPostprocessing = 0;
		};
/* End PBXResourcesBuildPhase section */

/* Begin PBXSourcesBuildPhase section */
		164DF8EE1DF503D600D99880 /* Sources */ = {
			isa = PBXSourcesBuildPhase;
			buildActionMask = 2147483647;
			files = (
				160F000A1E0B8BA600A94AA8 /* ShopViewController.swift in Sources */,
				164DF8F61DF503D700D99880 /* AppDelegate.swift in Sources */,
				160F00081E0B8B9800A94AA8 /* MyCityViewController.swift in Sources */,
				160F00061E0B8B2500A94AA8 /* MainViewController.swift in Sources */,
				160F000C1E0B8BCA00A94AA8 /* SettingTableViewController.swift in Sources */,
				160F000E1E0B928D00A94AA8 /* StartViewController.swift in Sources */,
			);
			runOnlyForDeploymentPostprocessing = 0;
		};
/* End PBXSourcesBuildPhase section */

/* Begin PBXVariantGroup section */
		164DF8F91DF503D700D99880 /* Main.storyboard */ = {
			isa = PBXVariantGroup;
			children = (
				164DF8FA1DF503D700D99880 /* Base */,
			);
			name = Main.storyboard;
			sourceTree = "<group>";
		};
		164DF8FE1DF503D700D99880 /* LaunchScreen.storyboard */ = {
			isa = PBXVariantGroup;
			children = (
				164DF8FF1DF503D700D99880 /* Base */,
			);
			name = LaunchScreen.storyboard;
			sourceTree = "<group>";
		};
/* End PBXVariantGroup section */

/* Begin XCBuildConfiguration section */
		164DF9021DF503D700D99880 /* Debug */ = {
			isa = XCBuildConfiguration;
			buildSettings = {
				ALWAYS_SEARCH_USER_PATHS = NO;
				CLANG_ANALYZER_NONNULL = YES;
				CLANG_CXX_LANGUAGE_STANDARD = "gnu++0x";
				CLANG_CXX_LIBRARY = "libc++";
				CLANG_ENABLE_MODULES = YES;
				CLANG_ENABLE_OBJC_ARC = YES;
				CLANG_WARN_BOOL_CONVERSION = YES;
				CLANG_WARN_CONSTANT_CONVERSION = YES;
				CLANG_WARN_DIRECT_OBJC_ISA_USAGE = YES_ERROR;
				CLANG_WARN_DOCUMENTATION_COMMENTS = YES;
				CLANG_WARN_EMPTY_BODY = YES;
				CLANG_WARN_ENUM_CONVERSION = YES;
				CLANG_WARN_INFINITE_RECURSION = YES;
				CLANG_WARN_INT_CONVERSION = YES;
				CLANG_WARN_OBJC_ROOT_CLASS = YES_ERROR;
				CLANG_WARN_SUSPICIOUS_MOVE = YES;
				CLANG_WARN_SUSPICIOUS_MOVES = YES;
				CLANG_WARN_UNREACHABLE_CODE = YES;
				CLANG_WARN__DUPLICATE_METHOD_MATCH = YES;
				"CODE_SIGN_IDENTITY[sdk=iphoneos*]" = "iPhone Developer";
				COPY_PHASE_STRIP = NO;
				DEBUG_INFORMATION_FORMAT = dwarf;
				ENABLE_STRICT_OBJC_MSGSEND = YES;
				ENABLE_TESTABILITY = YES;
				GCC_C_LANGUAGE_STANDARD = gnu99;
				GCC_DYNAMIC_NO_PIC = NO;
				GCC_NO_COMMON_BLOCKS = YES;
				GCC_OPTIMIZATION_LEVEL = 0;
				GCC_PREPROCESSOR_DEFINITIONS = (
					"DEBUG=1",
					"$(inherited)",
				);
				GCC_WARN_64_TO_32_BIT_CONVERSION = YES;
				GCC_WARN_ABOUT_RETURN_TYPE = YES_ERROR;
				GCC_WARN_UNDECLARED_SELECTOR = YES;
				GCC_WARN_UNINITIALIZED_AUTOS = YES_AGGRESSIVE;
				GCC_WARN_UNUSED_FUNCTION = YES;
				GCC_WARN_UNUSED_VARIABLE = YES;
				IPHONEOS_DEPLOYMENT_TARGET = 10.1;
				MTL_ENABLE_DEBUG_INFO = YES;
				ONLY_ACTIVE_ARCH = YES;
				SDKROOT = iphoneos;
				SWIFT_ACTIVE_COMPILATION_CONDITIONS = DEBUG;
				SWIFT_OPTIMIZATION_LEVEL = "-Onone";
			};
			name = Debug;
		};
		164DF9031DF503D700D99880 /* Release */ = {
			isa = XCBuildConfiguration;
			buildSettings = {
				ALWAYS_SEARCH_USER_PATHS = NO;
				CLANG_ANALYZER_NONNULL = YES;
				CLANG_CXX_LANGUAGE_STANDARD = "gnu++0x";
				CLANG_CXX_LIBRARY = "libc++";
				CLANG_ENABLE_MODULES = YES;
				CLANG_ENABLE_OBJC_ARC = YES;
				CLANG_WARN_BOOL_CONVERSION = YES;
				CLANG_WARN_CONSTANT_CONVERSION = YES;
				CLANG_WARN_DIRECT_OBJC_ISA_USAGE = YES_ERROR;
				CLANG_WARN_DOCUMENTATION_COMMENTS = YES;
				CLANG_WARN_EMPTY_BODY = YES;
				CLANG_WARN_ENUM_CONVERSION = YES;
				CLANG_WARN_INFINITE_RECURSION = YES;
				CLANG_WARN_INT_CONVERSION = YES;
				CLANG_WARN_OBJC_ROOT_CLASS = YES_ERROR;
				CLANG_WARN_SUSPICIOUS_MOVE = YES;
				CLANG_WARN_SUSPICIOUS_MOVES = YES;
				CLANG_WARN_UNREACHABLE_CODE = YES;
				CLANG_WARN__DUPLICATE_METHOD_MATCH = YES;
				"CODE_SIGN_IDENTITY[sdk=iphoneos*]" = "iPhone Developer";
				COPY_PHASE_STRIP = NO;
				DEBUG_INFORMATION_FORMAT = "dwarf-with-dsym";
				ENABLE_NS_ASSERTIONS = NO;
				ENABLE_STRICT_OBJC_MSGSEND = YES;
				GCC_C_LANGUAGE_STANDARD = gnu99;
				GCC_NO_COMMON_BLOCKS = YES;
				GCC_WARN_64_TO_32_BIT_CONVERSION = YES;
				GCC_WARN_ABOUT_RETURN_TYPE = YES_ERROR;
				GCC_WARN_UNDECLARED_SELECTOR = YES;
				GCC_WARN_UNINITIALIZED_AUTOS = YES_AGGRESSIVE;
				GCC_WARN_UNUSED_FUNCTION = YES;
				GCC_WARN_UNUSED_VARIABLE = YES;
				IPHONEOS_DEPLOYMENT_TARGET = 10.1;
				MTL_ENABLE_DEBUG_INFO = NO;
				SDKROOT = iphoneos;
				SWIFT_OPTIMIZATION_LEVEL = "-Owholemodule";
				VALIDATE_PRODUCT = YES;
			};
			name = Release;
		};
		164DF9051DF503D700D99880 /* Debug */ = {
			isa = XCBuildConfiguration;
			buildSettings = {
				ASSETCATALOG_COMPILER_APPICON_NAME = AppIcon;
				INFOPLIST_FILE = FinalProject/Info.plist;
				IPHONEOS_DEPLOYMENT_TARGET = 10.0;
				LD_RUNPATH_SEARCH_PATHS = "$(inherited) @executable_path/Frameworks";
				PRODUCT_BUNDLE_IDENTIFIER = tw.me.FinalProject;
				PRODUCT_NAME = "$(TARGET_NAME)";
				SWIFT_VERSION = 3.0;
			};
			name = Debug;
		};
		164DF9061DF503D700D99880 /* Release */ = {
			isa = XCBuildConfiguration;
			buildSettings = {
				ASSETCATALOG_COMPILER_APPICON_NAME = AppIcon;
				INFOPLIST_FILE = FinalProject/Info.plist;
				IPHONEOS_DEPLOYMENT_TARGET = 10.0;
				LD_RUNPATH_SEARCH_PATHS = "$(inherited) @executable_path/Frameworks";
				PRODUCT_BUNDLE_IDENTIFIER = tw.me.FinalProject;
				PRODUCT_NAME = "$(TARGET_NAME)";
				SWIFT_VERSION = 3.0;
			};
			name = Release;
		};
/* End XCBuildConfiguration section */

/* Begin XCConfigurationList section */
		164DF8ED1DF503D600D99880 /* Build configuration list for PBXProject "FinalProject" */ = {
			isa = XCConfigurationList;
			buildConfigurations = (
				164DF9021DF503D700D99880 /* Debug */,
				164DF9031DF503D700D99880 /* Release */,
			);
			defaultConfigurationIsVisible = 0;
			defaultConfigurationName = Release;
		};
		164DF9041DF503D700D99880 /* Build configuration list for PBXNativeTarget "FinalProject" */ = {
			isa = XCConfigurationList;
			buildConfigurations = (
				164DF9051DF503D700D99880 /* Debug */,
				164DF9061DF503D700D99880 /* Release */,
			);
			defaultConfigurationIsVisible = 0;
			defaultConfigurationName = Release;
		};
/* End XCConfigurationList section */
	};
	rootObject = 164DF8EA1DF503D600D99880 /* Project object */;
}
